// !$*UTF8*$!
{
	archiveVersion = 1;
	classes = {
	};
	objectVersion = 46;
	objects = {

/* Begin PBXBuildFile section */
		7734D4B119A67C2500F17068 /* AppDelegate.swift in Sources */ = {isa = PBXBuildFile; fileRef = 7734D4B019A67C2500F17068 /* AppDelegate.swift */; };
		7734D4B419A67C2500F17068 /* SwiftSkeleton.xcdatamodeld in Sources */ = {isa = PBXBuildFile; fileRef = 7734D4B219A67C2500F17068 /* SwiftSkeleton.xcdatamodeld */; };
		7734D4B619A67C2500F17068 /* MasterViewController.swift in Sources */ = {isa = PBXBuildFile; fileRef = 7734D4B519A67C2500F17068 /* MasterViewController.swift */; };
		7734D4B819A67C2500F17068 /* DetailViewController.swift in Sources */ = {isa = PBXBuildFile; fileRef = 7734D4B719A67C2500F17068 /* DetailViewController.swift */; };
		7734D4BB19A67C2500F17068 /* Main.storyboard in Resources */ = {isa = PBXBuildFile; fileRef = 7734D4B919A67C2500F17068 /* Main.storyboard */; };
		7734D4BD19A67C2500F17068 /* Images.xcassets in Resources */ = {isa = PBXBuildFile; fileRef = 7734D4BC19A67C2500F17068 /* Images.xcassets */; };
		7734D4C919A67C2600F17068 /* SwiftSkeletonTests.swift in Sources */ = {isa = PBXBuildFile; fileRef = 7734D4C819A67C2600F17068 /* SwiftSkeletonTests.swift */; };
/* End PBXBuildFile section */

/* Begin PBXContainerItemProxy section */
		7734D4C319A67C2600F17068 /* PBXContainerItemProxy */ = {
			isa = PBXContainerItemProxy;
			containerPortal = 7734D4A319A67C2500F17068 /* Project object */;
			proxyType = 1;
			remoteGlobalIDString = 7734D4AA19A67C2500F17068;
			remoteInfo = SwiftSkeleton;
		};
/* End PBXContainerItemProxy section */

/* Begin PBXFileReference section */
		7734D4AB19A67C2500F17068 /* SwiftSkeleton.app */ = {isa = PBXFileReference; explicitFileType = wrapper.application; includeInIndex = 0; path = SwiftSkeleton.app; sourceTree = BUILT_PRODUCTS_DIR; };
		7734D4AF19A67C2500F17068 /* Info.plist */ = {isa = PBXFileReference; lastKnownFileType = text.plist.xml; path = Info.plist; sourceTree = "<group>"; };
		7734D4B019A67C2500F17068 /* AppDelegate.swift */ = {isa = PBXFileReference; lastKnownFileType = sourcecode.swift; path = AppDelegate.swift; sourceTree = "<group>"; };
		7734D4B319A67C2500F17068 /* SwiftSkeleton.xcdatamodel */ = {isa = PBXFileReference; lastKnownFileType = wrapper.xcdatamodel; path = SwiftSkeleton.xcdatamodel; sourceTree = "<group>"; };
		7734D4B519A67C2500F17068 /* MasterViewController.swift */ = {isa = PBXFileReference; lastKnownFileType = sourcecode.swift; path = MasterViewController.swift; sourceTree = "<group>"; };
		7734D4B719A67C2500F17068 /* DetailViewController.swift */ = {isa = PBXFileReference; lastKnownFileType = sourcecode.swift; path = DetailViewController.swift; sourceTree = "<group>"; };
		7734D4BA19A67C2500F17068 /* Base */ = {isa = PBXFileReference; lastKnownFileType = file.storyboard; name = Base; path = Base.lproj/Main.storyboard; sourceTree = "<group>"; };
		7734D4BC19A67C2500F17068 /* Images.xcassets */ = {isa = PBXFileReference; lastKnownFileType = folder.assetcatalog; path = Images.xcassets; sourceTree = "<group>"; };
		7734D4C219A67C2600F17068 /* SwiftSkeletonTests.xctest */ = {isa = PBXFileReference; explicitFileType = wrapper.cfbundle; includeInIndex = 0; path = SwiftSkeletonTests.xctest; sourceTree = BUILT_PRODUCTS_DIR; };
		7734D4C719A67C2600F17068 /* Info.plist */ = {isa = PBXFileReference; lastKnownFileType = text.plist.xml; path = Info.plist; sourceTree = "<group>"; };
		7734D4C819A67C2600F17068 /* SwiftSkeletonTests.swift */ = {isa = PBXFileReference; lastKnownFileType = sourcecode.swift; path = SwiftSkeletonTests.swift; sourceTree = "<group>"; };
/* End PBXFileReference section */

/* Begin PBXFrameworksBuildPhase section */
		7734D4A819A67C2500F17068 /* Frameworks */ = {
			isa = PBXFrameworksBuildPhase;
			buildActionMask = 2147483647;
			files = (
			);
			runOnlyForDeploymentPostprocessing = 0;
		};
		7734D4BF19A67C2600F17068 /* Frameworks */ = {
			isa = PBXFrameworksBuildPhase;
			buildActionMask = 2147483647;
			files = (
			);
			runOnlyForDeploymentPostprocessing = 0;
		};
/* End PBXFrameworksBuildPhase section */

/* Begin PBXGroup section */
		7734D4A219A67C2500F17068 = {
			isa = PBXGroup;
			children = (
				7734D4AD19A67C2500F17068 /* SwiftSkeleton */,
				7734D4C519A67C2600F17068 /* SwiftSkeletonTests */,
				7734D4AC19A67C2500F17068 /* Products */,
			);
			sourceTree = "<group>";
		};
		7734D4AC19A67C2500F17068 /* Products */ = {
			isa = PBXGroup;
			children = (
				7734D4AB19A67C2500F17068 /* SwiftSkeleton.app */,
				7734D4C219A67C2600F17068 /* SwiftSkeletonTests.xctest */,
			);
			name = Products;
			sourceTree = "<group>";
		};
		7734D4AD19A67C2500F17068 /* SwiftSkeleton */ = {
			isa = PBXGroup;
			children = (
				7734D4B019A67C2500F17068 /* AppDelegate.swift */,
				7734D4B519A67C2500F17068 /* MasterViewController.swift */,
				7734D4B719A67C2500F17068 /* DetailViewController.swift */,
				7734D4B919A67C2500F17068 /* Main.storyboard */,
				7734D4BC19A67C2500F17068 /* Images.xcassets */,
				7734D4B219A67C2500F17068 /* SwiftSkeleton.xcdatamodeld */,
				7734D4AE19A67C2500F17068 /* Supporting Files */,
			);
			path = SwiftSkeleton;
			sourceTree = "<group>";
		};
		7734D4AE19A67C2500F17068 /* Supporting Files */ = {
			isa = PBXGroup;
			children = (
				7734D4AF19A67C2500F17068 /* Info.plist */,
			);
			name = "Supporting Files";
			sourceTree = "<group>";
		};
		7734D4C519A67C2600F17068 /* SwiftSkeletonTests */ = {
			isa = PBXGroup;
			children = (
				7734D4C819A67C2600F17068 /* SwiftSkeletonTests.swift */,
				7734D4C619A67C2600F17068 /* Supporting Files */,
			);
			path = SwiftSkeletonTests;
			sourceTree = "<group>";
		};
		7734D4C619A67C2600F17068 /* Supporting Files */ = {
			isa = PBXGroup;
			children = (
				7734D4C719A67C2600F17068 /* Info.plist */,
			);
			name = "Supporting Files";
			sourceTree = "<group>";
		};
/* End PBXGroup section */

/* Begin PBXNativeTarget section */
		7734D4AA19A67C2500F17068 /* SwiftSkeleton */ = {
			isa = PBXNativeTarget;
			buildConfigurationList = 7734D4CC19A67C2600F17068 /* Build configuration list for PBXNativeTarget "SwiftSkeleton" */;
			buildPhases = (
				7734D4A719A67C2500F17068 /* Sources */,
				7734D4A819A67C2500F17068 /* Frameworks */,
				7734D4A919A67C2500F17068 /* Resources */,
			);
			buildRules = (
			);
			dependencies = (
			);
			name = SwiftSkeleton;
			productName = SwiftSkeleton;
			productReference = 7734D4AB19A67C2500F17068 /* SwiftSkeleton.app */;
			productType = "com.apple.product-type.application";
		};
		7734D4C119A67C2600F17068 /* SwiftSkeletonTests */ = {
			isa = PBXNativeTarget;
			buildConfigurationList = 7734D4CF19A67C2600F17068 /* Build configuration list for PBXNativeTarget "SwiftSkeletonTests" */;
			buildPhases = (
				7734D4BE19A67C2600F17068 /* Sources */,
				7734D4BF19A67C2600F17068 /* Frameworks */,
				7734D4C019A67C2600F17068 /* Resources */,
			);
			buildRules = (
			);
			dependencies = (
				7734D4C419A67C2600F17068 /* PBXTargetDependency */,
			);
			name = SwiftSkeletonTests;
			productName = SwiftSkeletonTests;
			productReference = 7734D4C219A67C2600F17068 /* SwiftSkeletonTests.xctest */;
			productType = "com.apple.product-type.bundle.unit-test";
		};
/* End PBXNativeTarget section */

/* Begin PBXProject section */
		7734D4A319A67C2500F17068 /* Project object */ = {
			isa = PBXProject;
			attributes = {
				LastUpgradeCheck = 0600;
				ORGANIZATIONNAME = "Wilson Zhao";
				TargetAttributes = {
					7734D4AA19A67C2500F17068 = {
						CreatedOnToolsVersion = 6.0;
					};
					7734D4C119A67C2600F17068 = {
						CreatedOnToolsVersion = 6.0;
						TestTargetID = 7734D4AA19A67C2500F17068;
					};
				};
			};
			buildConfigurationList = 7734D4A619A67C2500F17068 /* Build configuration list for PBXProject "SwiftSkeleton" */;
			compatibilityVersion = "Xcode 3.2";
			developmentRegion = English;
			hasScannedForEncodings = 0;
			knownRegions = (
				en,
				Base,
			);
			mainGroup = 7734D4A219A67C2500F17068;
			productRefGroup = 7734D4AC19A67C2500F17068 /* Products */;
			projectDirPath = "";
			projectRoot = "";
			targets = (
				7734D4AA19A67C2500F17068 /* SwiftSkeleton */,
				7734D4C119A67C2600F17068 /* SwiftSkeletonTests */,
			);
		};
/* End PBXProject section */

/* Begin PBXResourcesBuildPhase section */
		7734D4A919A67C2500F17068 /* Resources */ = {
			isa = PBXResourcesBuildPhase;
			buildActionMask = 2147483647;
			files = (
				7734D4BB19A67C2500F17068 /* Main.storyboard in Resources */,
				7734D4BD19A67C2500F17068 /* Images.xcassets in Resources */,
			);
			runOnlyForDeploymentPostprocessing = 0;
		};
		7734D4C019A67C2600F17068 /* Resources */ = {
			isa = PBXResourcesBuildPhase;
			buildActionMask = 2147483647;
			files = (
			);
			runOnlyForDeploymentPostprocessing = 0;
		};
/* End PBXResourcesBuildPhase section */

/* Begin PBXSourcesBuildPhase section */
		7734D4A719A67C2500F17068 /* Sources */ = {
			isa = PBXSourcesBuildPhase;
			buildActionMask = 2147483647;
			files = (
				7734D4B419A67C2500F17068 /* SwiftSkeleton.xcdatamodeld in Sources */,
				7734D4B119A67C2500F17068 /* AppDelegate.swift in Sources */,
				7734D4B619A67C2500F17068 /* MasterViewController.swift in Sources */,
				7734D4B819A67C2500F17068 /* DetailViewController.swift in Sources */,
			);
			runOnlyForDeploymentPostprocessing = 0;
		};
		7734D4BE19A67C2600F17068 /* Sources */ = {
			isa = PBXSourcesBuildPhase;
			buildActionMask = 2147483647;
			files = (
				7734D4C919A67C2600F17068 /* SwiftSkeletonTests.swift in Sources */,
			);
			runOnlyForDeploymentPostprocessing = 0;
		};
/* End PBXSourcesBuildPhase section */

/* Begin PBXTargetDependency section */
		7734D4C419A67C2600F17068 /* PBXTargetDependency */ = {
			isa = PBXTargetDependency;
			target = 7734D4AA19A67C2500F17068 /* SwiftSkeleton */;
			targetProxy = 7734D4C319A67C2600F17068 /* PBXContainerItemProxy */;
		};
/* End PBXTargetDependency section */

/* Begin PBXVariantGroup section */
		7734D4B919A67C2500F17068 /* Main.storyboard */ = {
			isa = PBXVariantGroup;
			children = (
				7734D4BA19A67C2500F17068 /* Base */,
			);
			name = Main.storyboard;
			sourceTree = "<group>";
		};
/* End PBXVariantGroup section */

/* Begin XCBuildConfiguration section */
		7734D4CA19A67C2600F17068 /* Debug */ = {
			isa = XCBuildConfiguration;
			buildSettings = {
				ALWAYS_SEARCH_USER_PATHS = NO;
				CLANG_CXX_LANGUAGE_STANDARD = "gnu++0x";
				CLANG_CXX_LIBRARY = "libc++";
				CLANG_ENABLE_MODULES = YES;
				CLANG_ENABLE_OBJC_ARC = YES;
				CLANG_WARN_BOOL_CONVERSION = YES;
				CLANG_WARN_CONSTANT_CONVERSION = YES;
				CLANG_WARN_DIRECT_OBJC_ISA_USAGE = YES_ERROR;
				CLANG_WARN_EMPTY_BODY = YES;
				CLANG_WARN_ENUM_CONVERSION = YES;
				CLANG_WARN_INT_CONVERSION = YES;
				CLANG_WARN_OBJC_ROOT_CLASS = YES_ERROR;
				CLANG_WARN_UNREACHABLE_CODE = YES;
				CLANG_WARN__DUPLICATE_METHOD_MATCH = YES;
				"CODE_SIGN_IDENTITY[sdk=iphoneos*]" = "iPhone Developer";
				COPY_PHASE_STRIP = NO;
				ENABLE_STRICT_OBJC_MSGSEND = YES;
				GCC_C_LANGUAGE_STANDARD = gnu99;
				GCC_DYNAMIC_NO_PIC = NO;
				GCC_OPTIMIZATION_LEVEL = 0;
				GCC_PREPROCESSOR_DEFINITIONS = (
					"DEBUG=1",
					"$(inherited)",
				);
				GCC_SYMBOLS_PRIVATE_EXTERN = NO;
				GCC_WARN_64_TO_32_BIT_CONVERSION = YES;
				GCC_WARN_ABOUT_RETURN_TYPE = YES_ERROR;
				GCC_WARN_UNDECLARED_SELECTOR = YES;
				GCC_WARN_UNINITIALIZED_AUTOS = YES_AGGRESSIVE;
				GCC_WARN_UNUSED_FUNCTION = YES;
				GCC_WARN_UNUSED_VARIABLE = YES;
				IPHONEOS_DEPLOYMENT_TARGET = 8.0;
				MTL_ENABLE_DEBUG_INFO = YES;
				ONLY_ACTIVE_ARCH = YES;
				SDKROOT = iphoneos;
				SWIFT_OPTIMIZATION_LEVEL = "-Onone";
				TARGETED_DEVICE_FAMILY = "1,2";
			};
			name = Debug;
		};
		7734D4CB19A67C2600F17068 /* Release */ = {
			isa = XCBuildConfiguration;
			buildSettings = {
				ALWAYS_SEARCH_USER_PATHS = NO;
				CLANG_CXX_LANGUAGE_STANDARD = "gnu++0x";
				CLANG_CXX_LIBRARY = "libc++";
				CLANG_ENABLE_MODULES = YES;
				CLANG_ENABLE_OBJC_ARC = YES;
				CLANG_WARN_BOOL_CONVERSION = YES;
				CLANG_WARN_CONSTANT_CONVERSION = YES;
				CLANG_WARN_DIRECT_OBJC_ISA_USAGE = YES_ERROR;
				CLANG_WARN_EMPTY_BODY = YES;
				CLANG_WARN_ENUM_CONVERSION = YES;
				CLANG_WARN_INT_CONVERSION = YES;
				CLANG_WARN_OBJC_ROOT_CLASS = YES_ERROR;
				CLANG_WARN_UNREACHABLE_CODE = YES;
				CLANG_WARN__DUPLICATE_METHOD_MATCH = YES;
				"CODE_SIGN_IDENTITY[sdk=iphoneos*]" = "iPhone Developer";
				COPY_PHASE_STRIP = YES;
				ENABLE_NS_ASSERTIONS = NO;
				ENABLE_STRICT_OBJC_MSGSEND = YES;
				GCC_C_LANGUAGE_STANDARD = gnu99;
				GCC_WARN_64_TO_32_BIT_CONVERSION = YES;
				GCC_WARN_ABOUT_RETURN_TYPE = YES_ERROR;
				GCC_WARN_UNDECLARED_SELECTOR = YES;
				GCC_WARN_UNINITIALIZED_AUTOS = YES_AGGRESSIVE;
				GCC_WARN_UNUSED_FUNCTION = YES;
				GCC_WARN_UNUSED_VARIABLE = YES;
				IPHONEOS_DEPLOYMENT_TARGET = 8.0;
				MTL_ENABLE_DEBUG_INFO = NO;
				SDKROOT = iphoneos;
				TARGETED_DEVICE_FAMILY = "1,2";
				VALIDATE_PRODUCT = YES;
			};
			name = Release;
		};
		7734D4CD19A67C2600F17068 /* Debug */ = {
			isa = XCBuildConfiguration;
			buildSettings = {
				ASSETCATALOG_COMPILER_APPICON_NAME = AppIcon;
				ASSETCATALOG_COMPILER_LAUNCHIMAGE_NAME = LaunchImage;
				INFOPLIST_FILE = SwiftSkeleton/Info.plist;
				LD_RUNPATH_SEARCH_PATHS = "$(inherited) @executable_path/Frameworks";
				PRODUCT_NAME = "$(TARGET_NAME)";
			};
			name = Debug;
		};
		7734D4CE19A67C2600F17068 /* Release */ = {
			isa = XCBuildConfiguration;
			buildSettings = {
				ASSETCATALOG_COMPILER_APPICON_NAME = AppIcon;
				ASSETCATALOG_COMPILER_LAUNCHIMAGE_NAME = LaunchImage;
				INFOPLIST_FILE = SwiftSkeleton/Info.plist;
				LD_RUNPATH_SEARCH_PATHS = "$(inherited) @executable_path/Frameworks";
				PRODUCT_NAME = "$(TARGET_NAME)";
			};
			name = Release;
		};
		7734D4D019A67C2600F17068 /* Debug */ = {
			isa = XCBuildConfiguration;
			buildSettings = {
				BUNDLE_LOADER = "$(TEST_HOST)";
				FRAMEWORK_SEARCH_PATHS = (
					"$(SDKROOT)/Developer/Library/Frameworks",
					"$(inherited)",
				);
				GCC_PREPROCESSOR_DEFINITIONS = (
					"DEBUG=1",
					"$(inherited)",
				);
				INFOPLIST_FILE = SwiftSkeletonTests/Info.plist;
				LD_RUNPATH_SEARCH_PATHS = "$(inherited) @executable_path/Frameworks @loader_path/Frameworks";
				PRODUCT_NAME = "$(TARGET_NAME)";
				TEST_HOST = "$(BUILT_PRODUCTS_DIR)/SwiftSkeleton.app/SwiftSkeleton";
			};
			name = Debug;
		};
		7734D4D119A67C2600F17068 /* Release */ = {
			isa = XCBuildConfiguration;
			buildSettings = {
				BUNDLE_LOADER = "$(TEST_HOST)";
				FRAMEWORK_SEARCH_PATHS = (
					"$(SDKROOT)/Developer/Library/Frameworks",
					"$(inherited)",
				);
				INFOPLIST_FILE = SwiftSkeletonTests/Info.plist;
				LD_RUNPATH_SEARCH_PATHS = "$(inherited) @executable_path/Frameworks @loader_path/Frameworks";
				PRODUCT_NAME = "$(TARGET_NAME)";
				TEST_HOST = "$(BUILT_PRODUCTS_DIR)/SwiftSkeleton.app/SwiftSkeleton";
			};
			name = Release;
		};
/* End XCBuildConfiguration section */

/* Begin XCConfigurationList section */
		7734D4A619A67C2500F17068 /* Build configuration list for PBXProject "SwiftSkeleton" */ = {
			isa = XCConfigurationList;
			buildConfigurations = (
				7734D4CA19A67C2600F17068 /* Debug */,
				7734D4CB19A67C2600F17068 /* Release */,
			);
			defaultConfigurationIsVisible = 0;
			defaultConfigurationName = Release;
		};
		7734D4CC19A67C2600F17068 /* Build configuration list for PBXNativeTarget "SwiftSkeleton" */ = {
			isa = XCConfigurationList;
			buildConfigurations = (
				7734D4CD19A67C2600F17068 /* Debug */,
				7734D4CE19A67C2600F17068 /* Release */,
			);
			defaultConfigurationIsVisible = 0;
		};
		7734D4CF19A67C2600F17068 /* Build configuration list for PBXNativeTarget "SwiftSkeletonTests" */ = {
			isa = XCConfigurationList;
			buildConfigurations = (
				7734D4D019A67C2600F17068 /* Debug */,
				7734D4D119A67C2600F17068 /* Release */,
			);
			defaultConfigurationIsVisible = 0;
		};
/* End XCConfigurationList section */

/* Begin XCVersionGroup section */
		7734D4B219A67C2500F17068 /* SwiftSkeleton.xcdatamodeld */ = {
			isa = XCVersionGroup;
			children = (
				7734D4B319A67C2500F17068 /* SwiftSkeleton.xcdatamodel */,
			);
			currentVersion = 7734D4B319A67C2500F17068 /* SwiftSkeleton.xcdatamodel */;
			path = SwiftSkeleton.xcdatamodeld;
			sourceTree = "<group>";
			versionGroupType = wrapper.xcdatamodel;
		};
/* End XCVersionGroup section */
	};
	rootObject = 7734D4A319A67C2500F17068 /* Project object */;
}
